// !$*UTF8*$!
{
	archiveVersion = 1;
	classes = {
	};
	objectVersion = 56;
	objects = {

/* Begin PBXBuildFile section */
		EFCFBA8B28F61E3B00AB847D /* Preview Assets.xcassets in Resources */ = {isa = PBXBuildFile; fileRef = EFCFBA8A28F61E3B00AB847D /* Preview Assets.xcassets */; };
		EFCFBA9728F61E7600AB847D /* ApiManager.swift in Sources */ = {isa = PBXBuildFile; fileRef = EFCFBA9328F61E7600AB847D /* ApiManager.swift */; };
		EFCFBA9828F61E7600AB847D /* ApiConstant.swift in Sources */ = {isa = PBXBuildFile; fileRef = EFCFBA9528F61E7600AB847D /* ApiConstant.swift */; };
		EFCFBA9928F61E7600AB847D /* StringConstant.swift in Sources */ = {isa = PBXBuildFile; fileRef = EFCFBA9628F61E7600AB847D /* StringConstant.swift */; };
		EFCFBAA428F61E8500AB847D /* MovieListViewModel.swift in Sources */ = {isa = PBXBuildFile; fileRef = EFCFBA9D28F61E8500AB847D /* MovieListViewModel.swift */; };
		EFCFBAA528F61E8600AB847D /* MovieListModel.swift in Sources */ = {isa = PBXBuildFile; fileRef = EFCFBA9F28F61E8500AB847D /* MovieListModel.swift */; };
		EFCFBAA628F61E8600AB847D /* MovieListView.swift in Sources */ = {isa = PBXBuildFile; fileRef = EFCFBAA128F61E8500AB847D /* MovieListView.swift */; };
		EFCFBAA728F61E8600AB847D /* MovieListCell.swift in Sources */ = {isa = PBXBuildFile; fileRef = EFCFBAA328F61E8500AB847D /* MovieListCell.swift */; };
		EFCFBAAA28F61EC000AB847D /* Assets.xcassets in Resources */ = {isa = PBXBuildFile; fileRef = EFCFBAA928F61EC000AB847D /* Assets.xcassets */; };
		EFCFBAAD28F61ED700AB847D /* iOS_Practical_TestApp.swift in Sources */ = {isa = PBXBuildFile; fileRef = EFCFBAAC28F61ED700AB847D /* iOS_Practical_TestApp.swift */; };
/* End PBXBuildFile section */

/* Begin PBXFileReference section */
		EFCFBA8028F61E3700AB847D /* iOS-Practical-Test.app */ = {isa = PBXFileReference; explicitFileType = wrapper.application; includeInIndex = 0; path = "iOS-Practical-Test.app"; sourceTree = BUILT_PRODUCTS_DIR; };
		EFCFBA8A28F61E3B00AB847D /* Preview Assets.xcassets */ = {isa = PBXFileReference; lastKnownFileType = folder.assetcatalog; path = "Preview Assets.xcassets"; sourceTree = "<group>"; };
		EFCFBA9328F61E7600AB847D /* ApiManager.swift */ = {isa = PBXFileReference; fileEncoding = 4; lastKnownFileType = sourcecode.swift; path = ApiManager.swift; sourceTree = "<group>"; };
		EFCFBA9528F61E7600AB847D /* ApiConstant.swift */ = {isa = PBXFileReference; fileEncoding = 4; lastKnownFileType = sourcecode.swift; path = ApiConstant.swift; sourceTree = "<group>"; };
		EFCFBA9628F61E7600AB847D /* StringConstant.swift */ = {isa = PBXFileReference; fileEncoding = 4; lastKnownFileType = sourcecode.swift; path = StringConstant.swift; sourceTree = "<group>"; };
		EFCFBA9D28F61E8500AB847D /* MovieListViewModel.swift */ = {isa = PBXFileReference; fileEncoding = 4; lastKnownFileType = sourcecode.swift; path = MovieListViewModel.swift; sourceTree = "<group>"; };
		EFCFBA9F28F61E8500AB847D /* MovieListModel.swift */ = {isa = PBXFileReference; fileEncoding = 4; lastKnownFileType = sourcecode.swift; path = MovieListModel.swift; sourceTree = "<group>"; };
		EFCFBAA128F61E8500AB847D /* MovieListView.swift */ = {isa = PBXFileReference; fileEncoding = 4; lastKnownFileType = sourcecode.swift; path = MovieListView.swift; sourceTree = "<group>"; };
		EFCFBAA328F61E8500AB847D /* MovieListCell.swift */ = {isa = PBXFileReference; fileEncoding = 4; lastKnownFileType = sourcecode.swift; path = MovieListCell.swift; sourceTree = "<group>"; };
		EFCFBAA928F61EC000AB847D /* Assets.xcassets */ = {isa = PBXFileReference; lastKnownFileType = folder.assetcatalog; path = Assets.xcassets; sourceTree = "<group>"; };
		EFCFBAAC28F61ED700AB847D /* iOS_Practical_TestApp.swift */ = {isa = PBXFileReference; fileEncoding = 4; lastKnownFileType = sourcecode.swift; path = iOS_Practical_TestApp.swift; sourceTree = "<group>"; };
/* End PBXFileReference section */

/* Begin PBXFrameworksBuildPhase section */
		EFCFBA7D28F61E3700AB847D /* Frameworks */ = {
			isa = PBXFrameworksBuildPhase;
			buildActionMask = 2147483647;
			files = (
			);
			runOnlyForDeploymentPostprocessing = 0;
		};
/* End PBXFrameworksBuildPhase section */

/* Begin PBXGroup section */
		EFCFBA7728F61E3700AB847D = {
			isa = PBXGroup;
			children = (
				EFCFBA8228F61E3700AB847D /* iOS-Practical-Test */,
				EFCFBA8128F61E3700AB847D /* Products */,
			);
			sourceTree = "<group>";
		};
		EFCFBA8128F61E3700AB847D /* Products */ = {
			isa = PBXGroup;
			children = (
				EFCFBA8028F61E3700AB847D /* iOS-Practical-Test.app */,
			);
			name = Products;
			sourceTree = "<group>";
		};
		EFCFBA8228F61E3700AB847D /* iOS-Practical-Test */ = {
			isa = PBXGroup;
			children = (
				EFCFBAAB28F61ED700AB847D /* App */,
				EFCFBAA828F61EC000AB847D /* Resources */,
				EFCFBA9A28F61E8500AB847D /* Scenes */,
				EFCFBA9128F61E7600AB847D /* Shared */,
				EFCFBA8928F61E3B00AB847D /* Preview Content */,
			);
			path = "iOS-Practical-Test";
			sourceTree = "<group>";
		};
		EFCFBA8928F61E3B00AB847D /* Preview Content */ = {
			isa = PBXGroup;
			children = (
				EFCFBA8A28F61E3B00AB847D /* Preview Assets.xcassets */,
			);
			path = "Preview Content";
			sourceTree = "<group>";
		};
		EFCFBA9128F61E7600AB847D /* Shared */ = {
			isa = PBXGroup;
			children = (
				EFCFBA9228F61E7600AB847D /* Network Service */,
				EFCFBA9428F61E7600AB847D /* Constants */,
			);
			path = Shared;
			sourceTree = "<group>";
		};
		EFCFBA9228F61E7600AB847D /* Network Service */ = {
			isa = PBXGroup;
			children = (
				EFCFBA9328F61E7600AB847D /* ApiManager.swift */,
			);
			path = "Network Service";
			sourceTree = "<group>";
		};
		EFCFBA9428F61E7600AB847D /* Constants */ = {
			isa = PBXGroup;
			children = (
				EFCFBA9528F61E7600AB847D /* ApiConstant.swift */,
				EFCFBA9628F61E7600AB847D /* StringConstant.swift */,
			);
			path = Constants;
			sourceTree = "<group>";
		};
		EFCFBA9A28F61E8500AB847D /* Scenes */ = {
			isa = PBXGroup;
			children = (
				EFCFBA9B28F61E8500AB847D /* MovieList */,
			);
			path = Scenes;
			sourceTree = "<group>";
		};
		EFCFBA9B28F61E8500AB847D /* MovieList */ = {
			isa = PBXGroup;
			children = (
				EFCFBA9C28F61E8500AB847D /* ViewModel */,
				EFCFBA9E28F61E8500AB847D /* Model */,
				EFCFBAA028F61E8500AB847D /* View */,
			);
			path = MovieList;
			sourceTree = "<group>";
		};
		EFCFBA9C28F61E8500AB847D /* ViewModel */ = {
			isa = PBXGroup;
			children = (
				EFCFBA9D28F61E8500AB847D /* MovieListViewModel.swift */,
			);
			path = ViewModel;
			sourceTree = "<group>";
		};
		EFCFBA9E28F61E8500AB847D /* Model */ = {
			isa = PBXGroup;
			children = (
				EFCFBA9F28F61E8500AB847D /* MovieListModel.swift */,
			);
			path = Model;
			sourceTree = "<group>";
		};
		EFCFBAA028F61E8500AB847D /* View */ = {
			isa = PBXGroup;
			children = (
				EFCFBAA128F61E8500AB847D /* MovieListView.swift */,
				EFCFBAA228F61E8500AB847D /* cell */,
			);
			path = View;
			sourceTree = "<group>";
		};
		EFCFBAA228F61E8500AB847D /* cell */ = {
			isa = PBXGroup;
			children = (
				EFCFBAA328F61E8500AB847D /* MovieListCell.swift */,
			);
			path = cell;
			sourceTree = "<group>";
		};
		EFCFBAA828F61EC000AB847D /* Resources */ = {
			isa = PBXGroup;
			children = (
				EFCFBAA928F61EC000AB847D /* Assets.xcassets */,
			);
			path = Resources;
			sourceTree = "<group>";
		};
		EFCFBAAB28F61ED700AB847D /* App */ = {
			isa = PBXGroup;
			children = (
				EFCFBAAC28F61ED700AB847D /* iOS_Practical_TestApp.swift */,
			);
			path = App;
			sourceTree = "<group>";
		};
/* End PBXGroup section */

/* Begin PBXNativeTarget section */
		EFCFBA7F28F61E3700AB847D /* iOS-Practical-Test */ = {
			isa = PBXNativeTarget;
			buildConfigurationList = EFCFBA8E28F61E3B00AB847D /* Build configuration list for PBXNativeTarget "iOS-Practical-Test" */;
			buildPhases = (
				EFCFBA7C28F61E3700AB847D /* Sources */,
				EFCFBA7D28F61E3700AB847D /* Frameworks */,
				EFCFBA7E28F61E3700AB847D /* Resources */,
			);
			buildRules = (
			);
			dependencies = (
			);
			name = "iOS-Practical-Test";
			productName = "iOS-Practical-Test";
			productReference = EFCFBA8028F61E3700AB847D /* iOS-Practical-Test.app */;
			productType = "com.apple.product-type.application";
		};
/* End PBXNativeTarget section */

/* Begin PBXProject section */
		EFCFBA7828F61E3700AB847D /* Project object */ = {
			isa = PBXProject;
			attributes = {
				BuildIndependentTargetsInParallel = 1;
				LastSwiftUpdateCheck = 1400;
				LastUpgradeCheck = 1400;
				TargetAttributes = {
					EFCFBA7F28F61E3700AB847D = {
						CreatedOnToolsVersion = 14.0.1;
					};
				};
			};
			buildConfigurationList = EFCFBA7B28F61E3700AB847D /* Build configuration list for PBXProject "iOS-Practical-Test" */;
			compatibilityVersion = "Xcode 14.0";
			developmentRegion = en;
			hasScannedForEncodings = 0;
			knownRegions = (
				en,
				Base,
			);
			mainGroup = EFCFBA7728F61E3700AB847D;
			productRefGroup = EFCFBA8128F61E3700AB847D /* Products */;
			projectDirPath = "";
			projectRoot = "";
			targets = (
				EFCFBA7F28F61E3700AB847D /* iOS-Practical-Test */,
			);
		};
/* End PBXProject section */

/* Begin PBXResourcesBuildPhase section */
		EFCFBA7E28F61E3700AB847D /* Resources */ = {
			isa = PBXResourcesBuildPhase;
			buildActionMask = 2147483647;
			files = (
				EFCFBA8B28F61E3B00AB847D /* Preview Assets.xcassets in Resources */,
				EFCFBAAA28F61EC000AB847D /* Assets.xcassets in Resources */,
			);
			runOnlyForDeploymentPostprocessing = 0;
		};
/* End PBXResourcesBuildPhase section */

/* Begin PBXSourcesBuildPhase section */
		EFCFBA7C28F61E3700AB847D /* Sources */ = {
			isa = PBXSourcesBuildPhase;
			buildActionMask = 2147483647;
			files = (
				EFCFBA9828F61E7600AB847D /* ApiConstant.swift in Sources */,
				EFCFBA9728F61E7600AB847D /* ApiManager.swift in Sources */,
				EFCFBAA528F61E8600AB847D /* MovieListModel.swift in Sources */,
				EFCFBAAD28F61ED700AB847D /* iOS_Practical_TestApp.swift in Sources */,
				EFCFBAA628F61E8600AB847D /* MovieListView.swift in Sources */,
				EFCFBA9928F61E7600AB847D /* StringConstant.swift in Sources */,
				EFCFBAA428F61E8500AB847D /* MovieListViewModel.swift in Sources */,
				EFCFBAA728F61E8600AB847D /* MovieListCell.swift in Sources */,
			);
			runOnlyForDeploymentPostprocessing = 0;
		};
/* End PBXSourcesBuildPhase section */

/* Begin XCBuildConfiguration section */
		EFCFBA8C28F61E3B00AB847D /* Debug */ = {
			isa = XCBuildConfiguration;
			buildSettings = {
				ALWAYS_SEARCH_USER_PATHS = NO;
				CLANG_ANALYZER_NONNULL = YES;
				CLANG_ANALYZER_NUMBER_OBJECT_CONVERSION = YES_AGGRESSIVE;
				CLANG_CXX_LANGUAGE_STANDARD = "gnu++20";
				CLANG_ENABLE_MODULES = YES;
				CLANG_ENABLE_OBJC_ARC = YES;
				CLANG_ENABLE_OBJC_WEAK = YES;
				CLANG_WARN_BLOCK_CAPTURE_AUTORELEASING = YES;
				CLANG_WARN_BOOL_CONVERSION = YES;
				CLANG_WARN_COMMA = YES;
				CLANG_WARN_CONSTANT_CONVERSION = YES;
				CLANG_WARN_DEPRECATED_OBJC_IMPLEMENTATIONS = YES;
				CLANG_WARN_DIRECT_OBJC_ISA_USAGE = YES_ERROR;
				CLANG_WARN_DOCUMENTATION_COMMENTS = YES;
				CLANG_WARN_EMPTY_BODY = YES;
				CLANG_WARN_ENUM_CONVERSION = YES;
				CLANG_WARN_INFINITE_RECURSION = YES;
				CLANG_WARN_INT_CONVERSION = YES;
				CLANG_WARN_NON_LITERAL_NULL_CONVERSION = YES;
				CLANG_WARN_OBJC_IMPLICIT_RETAIN_SELF = YES;
				CLANG_WARN_OBJC_LITERAL_CONVERSION = YES;
				CLANG_WARN_OBJC_ROOT_CLASS = YES_ERROR;
				CLANG_WARN_QUOTED_INCLUDE_IN_FRAMEWORK_HEADER = YES;
				CLANG_WARN_RANGE_LOOP_ANALYSIS = YES;
				CLANG_WARN_STRICT_PROTOTYPES = YES;
				CLANG_WARN_SUSPICIOUS_MOVE = YES;
				CLANG_WARN_UNGUARDED_AVAILABILITY = YES_AGGRESSIVE;
				CLANG_WARN_UNREACHABLE_CODE = YES;
				CLANG_WARN__DUPLICATE_METHOD_MATCH = YES;
				COPY_PHASE_STRIP = NO;
				DEBUG_INFORMATION_FORMAT = dwarf;
				ENABLE_STRICT_OBJC_MSGSEND = YES;
				ENABLE_TESTABILITY = YES;
				GCC_C_LANGUAGE_STANDARD = gnu11;
				GCC_DYNAMIC_NO_PIC = NO;
				GCC_NO_COMMON_BLOCKS = YES;
				GCC_OPTIMIZATION_LEVEL = 0;
				GCC_PREPROCESSOR_DEFINITIONS = (
					"DEBUG=1",
					"$(inherited)",
				);
				GCC_WARN_64_TO_32_BIT_CONVERSION = YES;
				GCC_WARN_ABOUT_RETURN_TYPE = YES_ERROR;
				GCC_WARN_UNDECLARED_SELECTOR = YES;
				GCC_WARN_UNINITIALIZED_AUTOS = YES_AGGRESSIVE;
				GCC_WARN_UNUSED_FUNCTION = YES;
				GCC_WARN_UNUSED_VARIABLE = YES;
				IPHONEOS_DEPLOYMENT_TARGET = 16.0;
				MTL_ENABLE_DEBUG_INFO = INCLUDE_SOURCE;
				MTL_FAST_MATH = YES;
				ONLY_ACTIVE_ARCH = YES;
				SDKROOT = iphoneos;
				SWIFT_ACTIVE_COMPILATION_CONDITIONS = DEBUG;
				SWIFT_OPTIMIZATION_LEVEL = "-Onone";
			};
			name = Debug;
		};
		EFCFBA8D28F61E3B00AB847D /* Release */ = {
			isa = XCBuildConfiguration;
			buildSettings = {
				ALWAYS_SEARCH_USER_PATHS = NO;
				CLANG_ANALYZER_NONNULL = YES;
				CLANG_ANALYZER_NUMBER_OBJECT_CONVERSION = YES_AGGRESSIVE;
				CLANG_CXX_LANGUAGE_STANDARD = "gnu++20";
				CLANG_ENABLE_MODULES = YES;
				CLANG_ENABLE_OBJC_ARC = YES;
				CLANG_ENABLE_OBJC_WEAK = YES;
				CLANG_WARN_BLOCK_CAPTURE_AUTORELEASING = YES;
				CLANG_WARN_BOOL_CONVERSION = YES;
				CLANG_WARN_COMMA = YES;
				CLANG_WARN_CONSTANT_CONVERSION = YES;
				CLANG_WARN_DEPRECATED_OBJC_IMPLEMENTATIONS = YES;
				CLANG_WARN_DIRECT_OBJC_ISA_USAGE = YES_ERROR;
				CLANG_WARN_DOCUMENTATION_COMMENTS = YES;
				CLANG_WARN_EMPTY_BODY = YES;
				CLANG_WARN_ENUM_CONVERSION = YES;
				CLANG_WARN_INFINITE_RECURSION = YES;
				CLANG_WARN_INT_CONVERSION = YES;
				CLANG_WARN_NON_LITERAL_NULL_CONVERSION = YES;
				CLANG_WARN_OBJC_IMPLICIT_RETAIN_SELF = YES;
				CLANG_WARN_OBJC_LITERAL_CONVERSION = YES;
				CLANG_WARN_OBJC_ROOT_CLASS = YES_ERROR;
				CLANG_WARN_QUOTED_INCLUDE_IN_FRAMEWORK_HEADER = YES;
				CLANG_WARN_RANGE_LOOP_ANALYSIS = YES;
				CLANG_WARN_STRICT_PROTOTYPES = YES;
				CLANG_WARN_SUSPICIOUS_MOVE = YES;
				CLANG_WARN_UNGUARDED_AVAILABILITY = YES_AGGRESSIVE;
				CLANG_WARN_UNREACHABLE_CODE = YES;
				CLANG_WARN__DUPLICATE_METHOD_MATCH = YES;
				COPY_PHASE_STRIP = NO;
				DEBUG_INFORMATION_FORMAT = "dwarf-with-dsym";
				ENABLE_NS_ASSERTIONS = NO;
				ENABLE_STRICT_OBJC_MSGSEND = YES;
				GCC_C_LANGUAGE_STANDARD = gnu11;
				GCC_NO_COMMON_BLOCKS = YES;
				GCC_WARN_64_TO_32_BIT_CONVERSION = YES;
				GCC_WARN_ABOUT_RETURN_TYPE = YES_ERROR;
				GCC_WARN_UNDECLARED_SELECTOR = YES;
				GCC_WARN_UNINITIALIZED_AUTOS = YES_AGGRESSIVE;
				GCC_WARN_UNUSED_FUNCTION = YES;
				GCC_WARN_UNUSED_VARIABLE = YES;
				IPHONEOS_DEPLOYMENT_TARGET = 16.0;
				MTL_ENABLE_DEBUG_INFO = NO;
				MTL_FAST_MATH = YES;
				SDKROOT = iphoneos;
				SWIFT_COMPILATION_MODE = wholemodule;
				SWIFT_OPTIMIZATION_LEVEL = "-O";
				VALIDATE_PRODUCT = YES;
			};
			name = Release;
		};
		EFCFBA8F28F61E3B00AB847D /* Debug */ = {
			isa = XCBuildConfiguration;
			buildSettings = {
				ASSETCATALOG_COMPILER_APPICON_NAME = AppIcon;
				ASSETCATALOG_COMPILER_GLOBAL_ACCENT_COLOR_NAME = AccentColor;
				CODE_SIGN_STYLE = Automatic;
				CURRENT_PROJECT_VERSION = 1;
				DEVELOPMENT_ASSET_PATHS = "\"iOS-Practical-Test/Preview Content\"";
				DEVELOPMENT_TEAM = H74CK2VRG3;
				ENABLE_PREVIEWS = YES;
				GENERATE_INFOPLIST_FILE = YES;
				INFOPLIST_KEY_UIApplicationSceneManifest_Generation = YES;
				INFOPLIST_KEY_UIApplicationSupportsIndirectInputEvents = YES;
				INFOPLIST_KEY_UILaunchScreen_Generation = YES;
				INFOPLIST_KEY_UISupportedInterfaceOrientations_iPad = "UIInterfaceOrientationPortrait UIInterfaceOrientationPortraitUpsideDown UIInterfaceOrientationLandscapeLeft UIInterfaceOrientationLandscapeRight";
				INFOPLIST_KEY_UISupportedInterfaceOrientations_iPhone = "UIInterfaceOrientationPortrait UIInterfaceOrientationLandscapeLeft UIInterfaceOrientationLandscapeRight";
				LD_RUNPATH_SEARCH_PATHS = (
					"$(inherited)",
					"@executable_path/Frameworks",
				);
				MARKETING_VERSION = 1.0;
				PRODUCT_BUNDLE_IDENTIFIER = "com.saif.iOS-Practical-Test";
				PRODUCT_NAME = "$(TARGET_NAME)";
				SWIFT_EMIT_LOC_STRINGS = YES;
				SWIFT_VERSION = 5.0;
				TARGETED_DEVICE_FAMILY = "1,2";
			};
			name = Debug;
		};
		EFCFBA9028F61E3B00AB847D /* Release */ = {
			isa = XCBuildConfiguration;
			buildSettings = {
				ASSETCATALOG_COMPILER_APPICON_NAME = AppIcon;
				ASSETCATALOG_COMPILER_GLOBAL_ACCENT_COLOR_NAME = AccentColor;
				CODE_SIGN_STYLE = Automatic;
				CURRENT_PROJECT_VERSION = 1;
				DEVELOPMENT_ASSET_PATHS = "\"iOS-Practical-Test/Preview Content\"";
				DEVELOPMENT_TEAM = H74CK2VRG3;
				ENABLE_PREVIEWS = YES;
				GENERATE_INFOPLIST_FILE = YES;
				INFOPLIST_KEY_UIApplicationSceneManifest_Generation = YES;
				INFOPLIST_KEY_UIApplicationSupportsIndirectInputEvents = YES;
				INFOPLIST_KEY_UILaunchScreen_Generation = YES;
				INFOPLIST_KEY_UISupportedInterfaceOrientations_iPad = "UIInterfaceOrientationPortrait UIInterfaceOrientationPortraitUpsideDown UIInterfaceOrientationLandscapeLeft UIInterfaceOrientationLandscapeRight";
				INFOPLIST_KEY_UISupportedInterfaceOrientations_iPhone = "UIInterfaceOrientationPortrait UIInterfaceOrientationLandscapeLeft UIInterfaceOrientationLandscapeRight";
				LD_RUNPATH_SEARCH_PATHS = (
					"$(inherited)",
					"@executable_path/Frameworks",
				);
				MARKETING_VERSION = 1.0;
				PRODUCT_BUNDLE_IDENTIFIER = "com.saif.iOS-Practical-Test";
				PRODUCT_NAME = "$(TARGET_NAME)";
				SWIFT_EMIT_LOC_STRINGS = YES;
				SWIFT_VERSION = 5.0;
				TARGETED_DEVICE_FAMILY = "1,2";
			};
			name = Release;
		};
/* End XCBuildConfiguration section */

/* Begin XCConfigurationList section */
		EFCFBA7B28F61E3700AB847D /* Build configuration list for PBXProject "iOS-Practical-Test" */ = {
			isa = XCConfigurationList;
			buildConfigurations = (
				EFCFBA8C28F61E3B00AB847D /* Debug */,
				EFCFBA8D28F61E3B00AB847D /* Release */,
			);
			defaultConfigurationIsVisible = 0;
			defaultConfigurationName = Release;
		};
		EFCFBA8E28F61E3B00AB847D /* Build configuration list for PBXNativeTarget "iOS-Practical-Test" */ = {
			isa = XCConfigurationList;
			buildConfigurations = (
				EFCFBA8F28F61E3B00AB847D /* Debug */,
				EFCFBA9028F61E3B00AB847D /* Release */,
			);
			defaultConfigurationIsVisible = 0;
			defaultConfigurationName = Release;
		};
/* End XCConfigurationList section */
	};
	rootObject = EFCFBA7828F61E3700AB847D /* Project object */;
}
